
Microsoft Visual Studio Solution File, Format Version 12.00
# Visual Studio Version 17
VisualStudioVersion = 17.4.33103.184
MinimumVisualStudioVersion = 10.0.40219.1
Project("{FAE04EC0-301F-11D3-BF4B-00C04F79EFBC}") = "Calculator", "Calculator\Calculator.csproj", "{2D7AEE90-44EC-4898-8594-4443D8BFA1C6}"
EndProject
Global
	GlobalSection(SolutionConfigurationPlatforms) = preSolution
		Debug|Any CPU = Debug|Any CPU
		Release|Any CPU = Release|Any CPU
	EndGlobalSection
	GlobalSection(ProjectConfigurationPlatforms) = postSolution
		{2D7AEE90-44EC-4898-8594-4443D8BFA1C6}.Debug|Any CPU.ActiveCfg = Debug|Any CPU
		{2D7AEE90-44EC-4898-8594-4443D8BFA1C6}.Debug|Any CPU.Build.0 = Debug|Any CPU
		{2D7AEE90-44EC-4898-8594-4443D8BFA1C6}.Release|Any CPU.ActiveCfg = Release|Any CPU
		{2D7AEE90-44EC-4898-8594-4443D8BFA1C6}.Release|Any CPU.Build.0 = Release|Any CPU
	EndGlobalSection
	GlobalSection(SolutionProperties) = preSolution
		HideSolutionNode = FALSE
	EndGlobalSection
	GlobalSection(ExtensibilityGlobals) = postSolution
		SolutionGuid = {40CA8754-B775-486E-B404-E64388DEAFDE}
	EndGlobalSection
EndGlobal
